
Microsoft Visual Studio Solution File, Format Version 12.00
# Visual Studio 15
VisualStudioVersion = 15.0.26730.16
MinimumVisualStudioVersion = 10.0.40219.1
Project("{FAE04EC0-301F-11D3-BF4B-00C04F79EFBC}") = "Tic Tac Toe Online", "Tic Tac Toe Online.csproj", "{273A0753-D71C-4264-8E2E-9075CFF89372}"
EndProject
Project("{FAE04EC0-301F-11D3-BF4B-00C04F79EFBC}") = "WieloosobowyKomunikatorGlosowy", "..\..\WieloosobowyKomunikatorGlosowy\WieloosobowyKomunikatorGlosowy\WieloosobowyKomunikatorGlosowy\WieloosobowyKomunikatorGlosowy.csproj", "{F5D2E369-5DFA-46FB-AD40-FA14F2F81627}"
EndProject
Project("{FAE04EC0-301F-11D3-BF4B-00C04F79EFBC}") = "WieloosobowyKomunikatorGlosowy-Serwer", "..\..\WieloosobowyKomunikatorGlosowy\WieloosobowyKomunikatorGlosowy\WieloosobowyKomunikatorGlosowy-Serwer\WieloosobowyKomunikatorGlosowy-Serwer.csproj", "{C4ED936A-D488-4374-A47F-9B2989B8D6D0}"
EndProject
Global
	GlobalSection(SolutionConfigurationPlatforms) = preSolution
		Debug|Any CPU = Debug|Any CPU
		Release|Any CPU = Release|Any CPU
	EndGlobalSection
	GlobalSection(ProjectConfigurationPlatforms) = postSolution
		{273A0753-D71C-4264-8E2E-9075CFF89372}.Debug|Any CPU.ActiveCfg = Debug|Any CPU
		{273A0753-D71C-4264-8E2E-9075CFF89372}.Debug|Any CPU.Build.0 = Debug|Any CPU
		{273A0753-D71C-4264-8E2E-9075CFF89372}.Release|Any CPU.ActiveCfg = Release|Any CPU
		{273A0753-D71C-4264-8E2E-9075CFF89372}.Release|Any CPU.Build.0 = Release|Any CPU
		{F5D2E369-5DFA-46FB-AD40-FA14F2F81627}.Debug|Any CPU.ActiveCfg = Debug|Any CPU
		{F5D2E369-5DFA-46FB-AD40-FA14F2F81627}.Debug|Any CPU.Build.0 = Debug|Any CPU
		{F5D2E369-5DFA-46FB-AD40-FA14F2F81627}.Release|Any CPU.ActiveCfg = Release|Any CPU
		{F5D2E369-5DFA-46FB-AD40-FA14F2F81627}.Release|Any CPU.Build.0 = Release|Any CPU
		{C4ED936A-D488-4374-A47F-9B2989B8D6D0}.Debug|Any CPU.ActiveCfg = Debug|Any CPU
		{C4ED936A-D488-4374-A47F-9B2989B8D6D0}.Debug|Any CPU.Build.0 = Debug|Any CPU
		{C4ED936A-D488-4374-A47F-9B2989B8D6D0}.Release|Any CPU.ActiveCfg = Release|Any CPU
		{C4ED936A-D488-4374-A47F-9B2989B8D6D0}.Release|Any CPU.Build.0 = Release|Any CPU
	EndGlobalSection
	GlobalSection(SolutionProperties) = preSolution
		HideSolutionNode = FALSE
	EndGlobalSection
	GlobalSection(ExtensibilityGlobals) = postSolution
		SolutionGuid = {CE35B468-7BD1-437C-83F5-02590D2A8147}
	EndGlobalSection
EndGlobal
